// !$*UTF8*$!
{
	archiveVersion = 1;
	classes = {
	};
	objectVersion = 56;
	objects = {

/* Begin PBXBuildFile section */
		A10000010000000000000001 /* CursorMobileApp.swift in Sources */ = {isa = PBXBuildFile; fileRef = A20000010000000000000001 /* CursorMobileApp.swift */; };
		A10000010000000000000002 /* CursorTheme.swift in Sources */ = {isa = PBXBuildFile; fileRef = A20000010000000000000002 /* CursorTheme.swift */; };
		A10000010000000000000003 /* Agent.swift in Sources */ = {isa = PBXBuildFile; fileRef = A20000010000000000000003 /* Agent.swift */; };
		A10000010000000000000004 /* Run.swift in Sources */ = {isa = PBXBuildFile; fileRef = A20000010000000000000004 /* Run.swift */; };
		A10000010000000000000005 /* Repository.swift in Sources */ = {isa = PBXBuildFile; fileRef = A20000010000000000000005 /* Repository.swift */; };
		A10000010000000000000006 /* ChatMessage.swift in Sources */ = {isa = PBXBuildFile; fileRef = A20000010000000000000006 /* ChatMessage.swift */; };
		A10000010000000000000007 /* KeychainService.swift in Sources */ = {isa = PBXBuildFile; fileRef = A20000010000000000000007 /* KeychainService.swift */; };
		A10000010000000000000008 /* CursorAPIService.swift in Sources */ = {isa = PBXBuildFile; fileRef = A20000010000000000000008 /* CursorAPIService.swift */; };
		A10000010000000000000009 /* SSEClient.swift in Sources */ = {isa = PBXBuildFile; fileRef = A20000010000000000000009 /* SSEClient.swift */; };
		A1000001000000000000000A /* AgentsViewModel.swift in Sources */ = {isa = PBXBuildFile; fileRef = A2000001000000000000000A /* AgentsViewModel.swift */; };
		A1000001000000000000000B /* NewAgentViewModel.swift in Sources */ = {isa = PBXBuildFile; fileRef = A2000001000000000000000B /* NewAgentViewModel.swift */; };
		A1000001000000000000000C /* AgentDetailViewModel.swift in Sources */ = {isa = PBXBuildFile; fileRef = A2000001000000000000000C /* AgentDetailViewModel.swift */; };
		A1000001000000000000000D /* MainTabView.swift in Sources */ = {isa = PBXBuildFile; fileRef = A2000001000000000000000D /* MainTabView.swift */; };
		A1000001000000000000000E /* OnboardingView.swift in Sources */ = {isa = PBXBuildFile; fileRef = A2000001000000000000000E /* OnboardingView.swift */; };
		A1000001000000000000000F /* AgentsListView.swift in Sources */ = {isa = PBXBuildFile; fileRef = A2000001000000000000000F /* AgentsListView.swift */; };
		A10000010000000000000010 /* ChatView.swift in Sources */ = {isa = PBXBuildFile; fileRef = A20000010000000000000010 /* ChatView.swift */; };
		A10000010000000000000011 /* AgentDetailView.swift in Sources */ = {isa = PBXBuildFile; fileRef = A20000010000000000000011 /* AgentDetailView.swift */; };
		A10000010000000000000012 /* NewAgentView.swift in Sources */ = {isa = PBXBuildFile; fileRef = A20000010000000000000012 /* NewAgentView.swift */; };
		A10000010000000000000013 /* SettingsView.swift in Sources */ = {isa = PBXBuildFile; fileRef = A20000010000000000000013 /* SettingsView.swift */; };
		A10000010000000000000014 /* Assets.xcassets in Resources */ = {isa = PBXBuildFile; fileRef = A20000010000000000000014 /* Assets.xcassets */; };
/* End PBXBuildFile section */

/* Begin PBXFileReference section */
		A20000010000000000000001 /* CursorMobileApp.swift */ = {isa = PBXFileReference; lastKnownFileType = sourcecode.swift; path = CursorMobileApp.swift; sourceTree = "<group>"; };
		A20000010000000000000002 /* CursorTheme.swift */ = {isa = PBXFileReference; lastKnownFileType = sourcecode.swift; path = CursorTheme.swift; sourceTree = "<group>"; };
		A20000010000000000000003 /* Agent.swift */ = {isa = PBXFileReference; lastKnownFileType = sourcecode.swift; path = Agent.swift; sourceTree = "<group>"; };
		A20000010000000000000004 /* Run.swift */ = {isa = PBXFileReference; lastKnownFileType = sourcecode.swift; path = Run.swift; sourceTree = "<group>"; };
		A20000010000000000000005 /* Repository.swift */ = {isa = PBXFileReference; lastKnownFileType = sourcecode.swift; path = Repository.swift; sourceTree = "<group>"; };
		A20000010000000000000006 /* ChatMessage.swift */ = {isa = PBXFileReference; lastKnownFileType = sourcecode.swift; path = ChatMessage.swift; sourceTree = "<group>"; };
		A20000010000000000000007 /* KeychainService.swift */ = {isa = PBXFileReference; lastKnownFileType = sourcecode.swift; path = KeychainService.swift; sourceTree = "<group>"; };
		A20000010000000000000008 /* CursorAPIService.swift */ = {isa = PBXFileReference; lastKnownFileType = sourcecode.swift; path = CursorAPIService.swift; sourceTree = "<group>"; };
		A20000010000000000000009 /* SSEClient.swift */ = {isa = PBXFileReference; lastKnownFileType = sourcecode.swift; path = SSEClient.swift; sourceTree = "<group>"; };
		A2000001000000000000000A /* AgentsViewModel.swift */ = {isa = PBXFileReference; lastKnownFileType = sourcecode.swift; path = AgentsViewModel.swift; sourceTree = "<group>"; };
		A2000001000000000000000B /* NewAgentViewModel.swift */ = {isa = PBXFileReference; lastKnownFileType = sourcecode.swift; path = NewAgentViewModel.swift; sourceTree = "<group>"; };
		A2000001000000000000000C /* AgentDetailViewModel.swift */ = {isa = PBXFileReference; lastKnownFileType = sourcecode.swift; path = AgentDetailViewModel.swift; sourceTree = "<group>"; };
		A2000001000000000000000D /* MainTabView.swift */ = {isa = PBXFileReference; lastKnownFileType = sourcecode.swift; path = MainTabView.swift; sourceTree = "<group>"; };
		A2000001000000000000000E /* OnboardingView.swift */ = {isa = PBXFileReference; lastKnownFileType = sourcecode.swift; path = OnboardingView.swift; sourceTree = "<group>"; };
		A2000001000000000000000F /* AgentsListView.swift */ = {isa = PBXFileReference; lastKnownFileType = sourcecode.swift; path = AgentsListView.swift; sourceTree = "<group>"; };
		A20000010000000000000010 /* ChatView.swift */ = {isa = PBXFileReference; lastKnownFileType = sourcecode.swift; path = ChatView.swift; sourceTree = "<group>"; };
		A20000010000000000000011 /* AgentDetailView.swift */ = {isa = PBXFileReference; lastKnownFileType = sourcecode.swift; path = AgentDetailView.swift; sourceTree = "<group>"; };
		A20000010000000000000012 /* NewAgentView.swift */ = {isa = PBXFileReference; lastKnownFileType = sourcecode.swift; path = NewAgentView.swift; sourceTree = "<group>"; };
		A20000010000000000000013 /* SettingsView.swift */ = {isa = PBXFileReference; lastKnownFileType = sourcecode.swift; path = SettingsView.swift; sourceTree = "<group>"; };
		A20000010000000000000014 /* Assets.xcassets */ = {isa = PBXFileReference; lastKnownFileType = folder.assetcatalog; path = Assets.xcassets; sourceTree = "<group>"; };
		A20000010000000000000015 /* Info.plist */ = {isa = PBXFileReference; lastKnownFileType = text.plist.xml; path = Info.plist; sourceTree = "<group>"; };
		A30000010000000000000001 /* CursorMobile.app */ = {isa = PBXFileReference; explicitFileType = wrapper.application; includeInIndex = 0; path = CursorMobile.app; sourceTree = BUILT_PRODUCTS_DIR; };
/* End PBXFileReference section */

/* Begin PBXFrameworksBuildPhase section */
		A40000010000000000000001 /* Frameworks */ = {
			isa = PBXFrameworksBuildPhase;
			buildActionMask = 2147483647;
			files = (
			);
			runOnlyForDeploymentPostprocessing = 0;
		};
/* End PBXFrameworksBuildPhase section */

/* Begin PBXGroup section */
		A50000010000000000000001 = {
			isa = PBXGroup;
			children = (
				A50000010000000000000002 /* CursorMobile */,
				A50000010000000000000003 /* Products */,
			);
			sourceTree = "<group>";
		};
		A50000010000000000000002 /* CursorMobile */ = {
			isa = PBXGroup;
			children = (
				A20000010000000000000001 /* CursorMobileApp.swift */,
				A50000010000000000000004 /* Theme */,
				A50000010000000000000005 /* Models */,
				A50000010000000000000006 /* Services */,
				A50000010000000000000007 /* ViewModels */,
				A50000010000000000000008 /* Views */,
				A20000010000000000000014 /* Assets.xcassets */,
				A20000010000000000000015 /* Info.plist */,
			);
			path = CursorMobile;
			sourceTree = "<group>";
		};
		A50000010000000000000003 /* Products */ = {
			isa = PBXGroup;
			children = (
				A30000010000000000000001 /* CursorMobile.app */,
			);
			name = Products;
			sourceTree = "<group>";
		};
		A50000010000000000000004 /* Theme */ = {
			isa = PBXGroup;
			children = (
				A20000010000000000000002 /* CursorTheme.swift */,
			);
			path = Theme;
			sourceTree = "<group>";
		};
		A50000010000000000000005 /* Models */ = {
			isa = PBXGroup;
			children = (
				A20000010000000000000003 /* Agent.swift */,
				A20000010000000000000004 /* Run.swift */,
				A20000010000000000000005 /* Repository.swift */,
				A20000010000000000000006 /* ChatMessage.swift */,
			);
			path = Models;
			sourceTree = "<group>";
		};
		A50000010000000000000006 /* Services */ = {
			isa = PBXGroup;
			children = (
				A20000010000000000000007 /* KeychainService.swift */,
				A20000010000000000000008 /* CursorAPIService.swift */,
				A20000010000000000000009 /* SSEClient.swift */,
			);
			path = Services;
			sourceTree = "<group>";
		};
		A50000010000000000000007 /* ViewModels */ = {
			isa = PBXGroup;
			children = (
				A2000001000000000000000A /* AgentsViewModel.swift */,
				A2000001000000000000000B /* NewAgentViewModel.swift */,
				A2000001000000000000000C /* AgentDetailViewModel.swift */,
			);
			path = ViewModels;
			sourceTree = "<group>";
		};
		A50000010000000000000008 /* Views */ = {
			isa = PBXGroup;
			children = (
				A2000001000000000000000D /* MainTabView.swift */,
				A2000001000000000000000E /* OnboardingView.swift */,
				A2000001000000000000000F /* AgentsListView.swift */,
				A20000010000000000000010 /* ChatView.swift */,
				A20000010000000000000011 /* AgentDetailView.swift */,
				A20000010000000000000012 /* NewAgentView.swift */,
				A20000010000000000000013 /* SettingsView.swift */,
			);
			path = Views;
			sourceTree = "<group>";
		};
/* End PBXGroup section */

/* Begin PBXNativeTarget section */
		A60000010000000000000001 /* CursorMobile */ = {
			isa = PBXNativeTarget;
			buildConfigurationList = A80000010000000000000003 /* Build configuration list for PBXNativeTarget "CursorMobile" */;
			buildPhases = (
				A70000010000000000000001 /* Sources */,
				A40000010000000000000001 /* Frameworks */,
				A70000010000000000000002 /* Resources */,
			);
			buildRules = (
			);
			dependencies = (
			);
			name = CursorMobile;
			productName = CursorMobile;
			productReference = A30000010000000000000001 /* CursorMobile.app */;
			productType = "com.apple.product-type.application";
		};
/* End PBXNativeTarget section */

/* Begin PBXProject section */
		A90000010000000000000001 /* Project object */ = {
			isa = PBXProject;
			attributes = {
				BuildIndependentTargetsInParallel = 1;
				LastSwiftUpdateCheck = 1500;
				LastUpgradeCheck = 1500;
				TargetAttributes = {
					A60000010000000000000001 = {
						CreatedOnToolsVersion = 15.0;
					};
				};
			};
			buildConfigurationList = A80000010000000000000001 /* Build configuration list for PBXProject "CursorMobile" */;
			compatibilityVersion = "Xcode 14.0";
			developmentRegion = en;
			hasScannedForEncodings = 0;
			knownRegions = (
				en,
				Base,
			);
			mainGroup = A50000010000000000000001;
			productRefGroup = A50000010000000000000003 /* Products */;
			projectDirPath = "";
			projectRoot = "";
			targets = (
				A60000010000000000000001 /* CursorMobile */,
			);
		};
/* End PBXProject section */

/* Begin PBXResourcesBuildPhase section */
		A70000010000000000000002 /* Resources */ = {
			isa = PBXResourcesBuildPhase;
			buildActionMask = 2147483647;
			files = (
				A10000010000000000000014 /* Assets.xcassets in Resources */,
			);
			runOnlyForDeploymentPostprocessing = 0;
		};
/* End PBXResourcesBuildPhase section */

/* Begin PBXSourcesBuildPhase section */
		A70000010000000000000001 /* Sources */ = {
			isa = PBXSourcesBuildPhase;
			buildActionMask = 2147483647;
			files = (
				A10000010000000000000001 /* CursorMobileApp.swift in Sources */,
				A10000010000000000000002 /* CursorTheme.swift in Sources */,
				A10000010000000000000003 /* Agent.swift in Sources */,
				A10000010000000000000004 /* Run.swift in Sources */,
				A10000010000000000000005 /* Repository.swift in Sources */,
				A10000010000000000000006 /* ChatMessage.swift in Sources */,
				A10000010000000000000007 /* KeychainService.swift in Sources */,
				A10000010000000000000008 /* CursorAPIService.swift in Sources */,
				A10000010000000000000009 /* SSEClient.swift in Sources */,
				A1000001000000000000000A /* AgentsViewModel.swift in Sources */,
				A1000001000000000000000B /* NewAgentViewModel.swift in Sources */,
				A1000001000000000000000C /* AgentDetailViewModel.swift in Sources */,
				A1000001000000000000000D /* MainTabView.swift in Sources */,
				A1000001000000000000000E /* OnboardingView.swift in Sources */,
				A1000001000000000000000F /* AgentsListView.swift in Sources */,
				A10000010000000000000010 /* ChatView.swift in Sources */,
				A10000010000000000000011 /* AgentDetailView.swift in Sources */,
				A10000010000000000000012 /* NewAgentView.swift in Sources */,
				A10000010000000000000013 /* SettingsView.swift in Sources */,
			);
			runOnlyForDeploymentPostprocessing = 0;
		};
/* End PBXSourcesBuildPhase section */

/* Begin XCBuildConfiguration section */
		AA0000010000000000000001 /* Debug */ = {
			isa = XCBuildConfiguration;
			buildSettings = {
				ALWAYS_SEARCH_USER_PATHS = NO;
				ASSETCATALOG_COMPILER_GENERATE_SWIFT_ASSET_SYMBOL_EXTENSIONS = YES;
				CLANG_ANALYZER_NONNULL = YES;
				CLANG_ENABLE_MODULES = YES;
				CLANG_ENABLE_OBJC_ARC = YES;
				COPY_PHASE_STRIP = NO;
				DEBUG_INFORMATION_FORMAT = dwarf;
				ENABLE_STRICT_OBJC_MSGSEND = YES;
				ENABLE_TESTABILITY = YES;
				GCC_DYNAMIC_NO_PIC = NO;
				GCC_OPTIMIZATION_LEVEL = 0;
				GCC_PREPROCESSOR_DEFINITIONS = (
					"DEBUG=1",
					"$(inherited)",
				);
				IPHONEOS_DEPLOYMENT_TARGET = 17.0;
				MTL_ENABLE_DEBUG_INFO = INCLUDE_SOURCE;
				ONLY_ACTIVE_ARCH = YES;
				SDKROOT = iphoneos;
				SWIFT_ACTIVE_COMPILATION_CONDITIONS = "DEBUG $(inherited)";
				SWIFT_OPTIMIZATION_LEVEL = "-Onone";
			};
			name = Debug;
		};
		AA0000010000000000000002 /* Release */ = {
			isa = XCBuildConfiguration;
			buildSettings = {
				ALWAYS_SEARCH_USER_PATHS = NO;
				ASSETCATALOG_COMPILER_GENERATE_SWIFT_ASSET_SYMBOL_EXTENSIONS = YES;
				CLANG_ANALYZER_NONNULL = YES;
				CLANG_ENABLE_MODULES = YES;
				CLANG_ENABLE_OBJC_ARC = YES;
				COPY_PHASE_STRIP = NO;
				DEBUG_INFORMATION_FORMAT = "dwarf-with-dsym";
				ENABLE_NS_ASSERTIONS = NO;
				ENABLE_STRICT_OBJC_MSGSEND = YES;
				IPHONEOS_DEPLOYMENT_TARGET = 17.0;
				MTL_ENABLE_DEBUG_INFO = NO;
				SDKROOT = iphoneos;
				SWIFT_COMPILATION_MODE = wholemodule;
				VALIDATE_PRODUCT = YES;
			};
			name = Release;
		};
		AA0000010000000000000003 /* Debug */ = {
			isa = XCBuildConfiguration;
			buildSettings = {
				ASSETCATALOG_COMPILER_APPICON_NAME = AppIcon;
				ASSETCATALOG_COMPILER_GLOBAL_ACCENT_COLOR_NAME = AccentColor;
				CODE_SIGN_STYLE = Automatic;
				CURRENT_PROJECT_VERSION = 1;
				DEVELOPMENT_TEAM = "";
				ENABLE_PREVIEWS = YES;
				GENERATE_INFOPLIST_FILE = NO;
				INFOPLIST_FILE = CursorMobile/Info.plist;
				INFOPLIST_KEY_UIApplicationSupportsIndirectInputEvents = YES;
				INFOPLIST_KEY_UILaunchScreen_Generation = YES;
				LD_RUNPATH_SEARCH_PATHS = (
					"$(inherited)",
					"@executable_path/Frameworks",
				);
				MARKETING_VERSION = 1.0.0;
				PRODUCT_BUNDLE_IDENTIFIER = com.utp.CursorMobile;
				PRODUCT_NAME = "$(TARGET_NAME)";
				SUPPORTED_PLATFORMS = "iphoneos iphonesimulator";
				SUPPORTS_MACCATALYST = NO;
				SWIFT_EMIT_LOC_STRINGS = YES;
				SWIFT_VERSION = 5.0;
				TARGETED_DEVICE_FAMILY = "1,2";
			};
			name = Debug;
		};
		AA0000010000000000000004 /* Release */ = {
			isa = XCBuildConfiguration;
			buildSettings = {
				ASSETCATALOG_COMPILER_APPICON_NAME = AppIcon;
				ASSETCATALOG_COMPILER_GLOBAL_ACCENT_COLOR_NAME = AccentColor;
				CODE_SIGN_STYLE = Automatic;
				CURRENT_PROJECT_VERSION = 1;
				DEVELOPMENT_TEAM = "";
				ENABLE_PREVIEWS = YES;
				GENERATE_INFOPLIST_FILE = NO;
				INFOPLIST_FILE = CursorMobile/Info.plist;
				INFOPLIST_KEY_UIApplicationSupportsIndirectInputEvents = YES;
				INFOPLIST_KEY_UILaunchScreen_Generation = YES;
				LD_RUNPATH_SEARCH_PATHS = (
					"$(inherited)",
					"@executable_path/Frameworks",
				);
				MARKETING_VERSION = 1.0.0;
				PRODUCT_BUNDLE_IDENTIFIER = com.utp.CursorMobile;
				PRODUCT_NAME = "$(TARGET_NAME)";
				SUPPORTED_PLATFORMS = "iphoneos iphonesimulator";
				SUPPORTS_MACCATALYST = NO;
				SWIFT_EMIT_LOC_STRINGS = YES;
				SWIFT_VERSION = 5.0;
				TARGETED_DEVICE_FAMILY = "1,2";
			};
			name = Release;
		};
/* End XCBuildConfiguration section */

/* Begin XCConfigurationList section */
		A80000010000000000000001 /* Build configuration list for PBXProject "CursorMobile" */ = {
			isa = XCConfigurationList;
			buildConfigurations = (
				AA0000010000000000000001 /* Debug */,
				AA0000010000000000000002 /* Release */,
			);
			defaultConfigurationIsVisible = 0;
			defaultConfigurationName = Release;
		};
		A80000010000000000000003 /* Build configuration list for PBXNativeTarget "CursorMobile" */ = {
			isa = XCConfigurationList;
			buildConfigurations = (
				AA0000010000000000000003 /* Debug */,
				AA0000010000000000000004 /* Release */,
			);
			defaultConfigurationIsVisible = 0;
			defaultConfigurationName = Release;
		};
/* End XCConfigurationList section */
	};
	rootObject = A90000010000000000000001 /* Project object */;
}
